
Microsoft Visual Studio Solution File, Format Version 12.00
# Visual Studio 15
Project("{FAE04EC0-301F-11D3-BF4B-00C04F79EFBC}") = "muji", "muji\muji.csproj", "{67E80EC2-BDE4-4886-AEE7-0B5B64F4A936}"
EndProject
Global
	GlobalSection(SolutionConfigurationPlatforms) = preSolution
		Debug|anycpu = Debug|anycpu
		Release|anycpu = Release|anycpu
	EndGlobalSection
	GlobalSection(ProjectConfigurationPlatforms) = postSolution
		{67E80EC2-BDE4-4886-AEE7-0B5B64F4A936}.Debug|anycpu.ActiveCfg = Debug|anycpu
		{67E80EC2-BDE4-4886-AEE7-0B5B64F4A936}.Debug|anycpu.Build.0 = Debug|anycpu
		{67E80EC2-BDE4-4886-AEE7-0B5B64F4A936}.Release|anycpu.ActiveCfg = Release|anycpu
		{67E80EC2-BDE4-4886-AEE7-0B5B64F4A936}.Release|anycpu.Build.0 = Release|anycpu
	EndGlobalSection
EndGlobal
